// !$*UTF8*$!
{
	archiveVersion = 1;
	classes = {
	};
	objectVersion = 55;
	objects = {

/* Begin PBXBuildFile section */
		FAB8B6CA27FDB00F0071B04F /* AppDelegate.swift in Sources */ = {isa = PBXBuildFile; fileRef = FAB8B6C927FDB00F0071B04F /* AppDelegate.swift */; };
		FAB8B6CC27FDB00F0071B04F /* SceneDelegate.swift in Sources */ = {isa = PBXBuildFile; fileRef = FAB8B6CB27FDB00F0071B04F /* SceneDelegate.swift */; };
		FAB8B6D327FDB0110071B04F /* Assets.xcassets in Resources */ = {isa = PBXBuildFile; fileRef = FAB8B6D227FDB0110071B04F /* Assets.xcassets */; };
		FAB8B6D627FDB0110071B04F /* LaunchScreen.storyboard in Resources */ = {isa = PBXBuildFile; fileRef = FAB8B6D427FDB0110071B04F /* LaunchScreen.storyboard */; };
		FAB8B6EC27FDBC510071B04F /* SnapKit.xcframework in Frameworks */ = {isa = PBXBuildFile; fileRef = FAB8B6EB27FDBC510071B04F /* SnapKit.xcframework */; };
		FAB8B6F027FDBEA70071B04F /* HomeView.swift in Sources */ = {isa = PBXBuildFile; fileRef = FAB8B6EF27FDBEA70071B04F /* HomeView.swift */; };
		FAC21D4327FF6A0100F67D75 /* HomeVC.swift in Sources */ = {isa = PBXBuildFile; fileRef = FAC21D4227FF6A0100F67D75 /* HomeVC.swift */; };
		FAC21D4527FF6CA000F67D75 /* LandmarkCell.swift in Sources */ = {isa = PBXBuildFile; fileRef = FAC21D4427FF6CA000F67D75 /* LandmarkCell.swift */; };
		FAC21D4727FF741B00F67D75 /* landmarkData.json in Resources */ = {isa = PBXBuildFile; fileRef = FAC21D4627FF741B00F67D75 /* landmarkData.json */; };
/* End PBXBuildFile section */

/* Begin PBXFileReference section */
		FAB8B6C627FDB00F0071B04F /* TestTask2.app */ = {isa = PBXFileReference; explicitFileType = wrapper.application; includeInIndex = 0; path = TestTask2.app; sourceTree = BUILT_PRODUCTS_DIR; };
		FAB8B6C927FDB00F0071B04F /* AppDelegate.swift */ = {isa = PBXFileReference; lastKnownFileType = sourcecode.swift; path = AppDelegate.swift; sourceTree = "<group>"; };
		FAB8B6CB27FDB00F0071B04F /* SceneDelegate.swift */ = {isa = PBXFileReference; lastKnownFileType = sourcecode.swift; path = SceneDelegate.swift; sourceTree = "<group>"; };
		FAB8B6D227FDB0110071B04F /* Assets.xcassets */ = {isa = PBXFileReference; lastKnownFileType = folder.assetcatalog; path = Assets.xcassets; sourceTree = "<group>"; };
		FAB8B6D527FDB0110071B04F /* Base */ = {isa = PBXFileReference; lastKnownFileType = file.storyboard; name = Base; path = Base.lproj/LaunchScreen.storyboard; sourceTree = "<group>"; };
		FAB8B6D727FDB0110071B04F /* Info.plist */ = {isa = PBXFileReference; lastKnownFileType = text.plist.xml; path = Info.plist; sourceTree = "<group>"; };
		FAB8B6E027FDB5160071B04F /* SnapKit.framework */ = {isa = PBXFileReference; lastKnownFileType = wrapper.framework; name = SnapKit.framework; path = Carthage/Build/iOS/SnapKit.framework; sourceTree = "<group>"; };
		FAB8B6EB27FDBC510071B04F /* SnapKit.xcframework */ = {isa = PBXFileReference; lastKnownFileType = wrapper.xcframework; name = SnapKit.xcframework; path = Carthage/Build/SnapKit.xcframework; sourceTree = "<group>"; };
		FAB8B6EF27FDBEA70071B04F /* HomeView.swift */ = {isa = PBXFileReference; lastKnownFileType = sourcecode.swift; path = HomeView.swift; sourceTree = "<group>"; };
		FAC21D4227FF6A0100F67D75 /* HomeVC.swift */ = {isa = PBXFileReference; lastKnownFileType = sourcecode.swift; path = HomeVC.swift; sourceTree = "<group>"; };
		FAC21D4427FF6CA000F67D75 /* LandmarkCell.swift */ = {isa = PBXFileReference; lastKnownFileType = sourcecode.swift; path = LandmarkCell.swift; sourceTree = "<group>"; };
		FAC21D4627FF741B00F67D75 /* landmarkData.json */ = {isa = PBXFileReference; fileEncoding = 4; lastKnownFileType = text.json; path = landmarkData.json; sourceTree = "<group>"; };
/* End PBXFileReference section */

/* Begin PBXFrameworksBuildPhase section */
		FAB8B6C327FDB00F0071B04F /* Frameworks */ = {
			isa = PBXFrameworksBuildPhase;
			buildActionMask = 2147483647;
			files = (
				FAB8B6EC27FDBC510071B04F /* SnapKit.xcframework in Frameworks */,
			);
			runOnlyForDeploymentPostprocessing = 0;
		};
/* End PBXFrameworksBuildPhase section */

/* Begin PBXGroup section */
		FAB8B6BD27FDB00F0071B04F = {
			isa = PBXGroup;
			children = (
				FAB8B6C827FDB00F0071B04F /* TestTask2 */,
				FAB8B6C727FDB00F0071B04F /* Products */,
				FAB8B6DF27FDB5150071B04F /* Frameworks */,
			);
			sourceTree = "<group>";
		};
		FAB8B6C727FDB00F0071B04F /* Products */ = {
			isa = PBXGroup;
			children = (
				FAB8B6C627FDB00F0071B04F /* TestTask2.app */,
			);
			name = Products;
			sourceTree = "<group>";
		};
		FAB8B6C827FDB00F0071B04F /* TestTask2 */ = {
			isa = PBXGroup;
			children = (
				FAB8B6DE27FDB05D0071B04F /* ViewControllers */,
				FAB8B6DD27FDB0530071B04F /* Views */,
				FAB8B6C927FDB00F0071B04F /* AppDelegate.swift */,
				FAB8B6CB27FDB00F0071B04F /* SceneDelegate.swift */,
				FAB8B6D227FDB0110071B04F /* Assets.xcassets */,
				FAB8B6D427FDB0110071B04F /* LaunchScreen.storyboard */,
				FAC21D4627FF741B00F67D75 /* landmarkData.json */,
				FAB8B6D727FDB0110071B04F /* Info.plist */,
			);
			path = TestTask2;
			sourceTree = "<group>";
		};
		FAB8B6DD27FDB0530071B04F /* Views */ = {
			isa = PBXGroup;
			children = (
				FAB8B6EF27FDBEA70071B04F /* HomeView.swift */,
				FAC21D4427FF6CA000F67D75 /* LandmarkCell.swift */,
			);
			path = Views;
			sourceTree = "<group>";
		};
		FAB8B6DE27FDB05D0071B04F /* ViewControllers */ = {
			isa = PBXGroup;
			children = (
				FAC21D4227FF6A0100F67D75 /* HomeVC.swift */,
			);
			path = ViewControllers;
			sourceTree = "<group>";
		};
		FAB8B6DF27FDB5150071B04F /* Frameworks */ = {
			isa = PBXGroup;
			children = (
				FAB8B6EB27FDBC510071B04F /* SnapKit.xcframework */,
				FAB8B6E027FDB5160071B04F /* SnapKit.framework */,
			);
			name = Frameworks;
			sourceTree = "<group>";
		};
/* End PBXGroup section */

/* Begin PBXNativeTarget section */
		FAB8B6C527FDB00F0071B04F /* TestTask2 */ = {
			isa = PBXNativeTarget;
			buildConfigurationList = FAB8B6DA27FDB0110071B04F /* Build configuration list for PBXNativeTarget "TestTask2" */;
			buildPhases = (
				FAB8B6C227FDB00F0071B04F /* Sources */,
				FAB8B6C327FDB00F0071B04F /* Frameworks */,
				FAB8B6C427FDB00F0071B04F /* Resources */,
			);
			buildRules = (
			);
			dependencies = (
			);
			name = TestTask2;
			productName = TestTask2;
			productReference = FAB8B6C627FDB00F0071B04F /* TestTask2.app */;
			productType = "com.apple.product-type.application";
		};
/* End PBXNativeTarget section */

/* Begin PBXProject section */
		FAB8B6BE27FDB00F0071B04F /* Project object */ = {
			isa = PBXProject;
			attributes = {
				BuildIndependentTargetsInParallel = 1;
				LastSwiftUpdateCheck = 1330;
				LastUpgradeCheck = 1330;
				TargetAttributes = {
					FAB8B6C527FDB00F0071B04F = {
						CreatedOnToolsVersion = 13.3;
					};
				};
			};
			buildConfigurationList = FAB8B6C127FDB00F0071B04F /* Build configuration list for PBXProject "TestTask2" */;
			compatibilityVersion = "Xcode 13.0";
			developmentRegion = en;
			hasScannedForEncodings = 0;
			knownRegions = (
				en,
				Base,
			);
			mainGroup = FAB8B6BD27FDB00F0071B04F;
			productRefGroup = FAB8B6C727FDB00F0071B04F /* Products */;
			projectDirPath = "";
			projectRoot = "";
			targets = (
				FAB8B6C527FDB00F0071B04F /* TestTask2 */,
			);
		};
/* End PBXProject section */

/* Begin PBXResourcesBuildPhase section */
		FAB8B6C427FDB00F0071B04F /* Resources */ = {
			isa = PBXResourcesBuildPhase;
			buildActionMask = 2147483647;
			files = (
				FAB8B6D627FDB0110071B04F /* LaunchScreen.storyboard in Resources */,
				FAB8B6D327FDB0110071B04F /* Assets.xcassets in Resources */,
				FAC21D4727FF741B00F67D75 /* landmarkData.json in Resources */,
			);
			runOnlyForDeploymentPostprocessing = 0;
		};
/* End PBXResourcesBuildPhase section */

/* Begin PBXSourcesBuildPhase section */
		FAB8B6C227FDB00F0071B04F /* Sources */ = {
			isa = PBXSourcesBuildPhase;
			buildActionMask = 2147483647;
			files = (
				FAC21D4327FF6A0100F67D75 /* HomeVC.swift in Sources */,
				FAC21D4527FF6CA000F67D75 /* LandmarkCell.swift in Sources */,
				FAB8B6F027FDBEA70071B04F /* HomeView.swift in Sources */,
				FAB8B6CA27FDB00F0071B04F /* AppDelegate.swift in Sources */,
				FAB8B6CC27FDB00F0071B04F /* SceneDelegate.swift in Sources */,
			);
			runOnlyForDeploymentPostprocessing = 0;
		};
/* End PBXSourcesBuildPhase section */

/* Begin PBXVariantGroup section */
		FAB8B6D427FDB0110071B04F /* LaunchScreen.storyboard */ = {
			isa = PBXVariantGroup;
			children = (
				FAB8B6D527FDB0110071B04F /* Base */,
			);
			name = LaunchScreen.storyboard;
			sourceTree = "<group>";
		};
/* End PBXVariantGroup section */

/* Begin XCBuildConfiguration section */
		FAB8B6D827FDB0110071B04F /* Debug */ = {
			isa = XCBuildConfiguration;
			buildSettings = {
				ALWAYS_SEARCH_USER_PATHS = NO;
				CLANG_ANALYZER_NONNULL = YES;
				CLANG_ANALYZER_NUMBER_OBJECT_CONVERSION = YES_AGGRESSIVE;
				CLANG_CXX_LANGUAGE_STANDARD = "gnu++17";
				CLANG_ENABLE_MODULES = YES;
				CLANG_ENABLE_OBJC_ARC = YES;
				CLANG_ENABLE_OBJC_WEAK = YES;
				CLANG_WARN_BLOCK_CAPTURE_AUTORELEASING = YES;
				CLANG_WARN_BOOL_CONVERSION = YES;
				CLANG_WARN_COMMA = YES;
				CLANG_WARN_CONSTANT_CONVERSION = YES;
				CLANG_WARN_DEPRECATED_OBJC_IMPLEMENTATIONS = YES;
				CLANG_WARN_DIRECT_OBJC_ISA_USAGE = YES_ERROR;
				CLANG_WARN_DOCUMENTATION_COMMENTS = YES;
				CLANG_WARN_EMPTY_BODY = YES;
				CLANG_WARN_ENUM_CONVERSION = YES;
				CLANG_WARN_INFINITE_RECURSION = YES;
				CLANG_WARN_INT_CONVERSION = YES;
				CLANG_WARN_NON_LITERAL_NULL_CONVERSION = YES;
				CLANG_WARN_OBJC_IMPLICIT_RETAIN_SELF = YES;
				CLANG_WARN_OBJC_LITERAL_CONVERSION = YES;
				CLANG_WARN_OBJC_ROOT_CLASS = YES_ERROR;
				CLANG_WARN_QUOTED_INCLUDE_IN_FRAMEWORK_HEADER = YES;
				CLANG_WARN_RANGE_LOOP_ANALYSIS = YES;
				CLANG_WARN_STRICT_PROTOTYPES = YES;
				CLANG_WARN_SUSPICIOUS_MOVE = YES;
				CLANG_WARN_UNGUARDED_AVAILABILITY = YES_AGGRESSIVE;
				CLANG_WARN_UNREACHABLE_CODE = YES;
				CLANG_WARN__DUPLICATE_METHOD_MATCH = YES;
				COPY_PHASE_STRIP = NO;
				DEBUG_INFORMATION_FORMAT = dwarf;
				ENABLE_STRICT_OBJC_MSGSEND = YES;
				ENABLE_TESTABILITY = YES;
				GCC_C_LANGUAGE_STANDARD = gnu11;
				GCC_DYNAMIC_NO_PIC = NO;
				GCC_NO_COMMON_BLOCKS = YES;
				GCC_OPTIMIZATION_LEVEL = 0;
				GCC_PREPROCESSOR_DEFINITIONS = (
					"DEBUG=1",
					"$(inherited)",
				);
				GCC_WARN_64_TO_32_BIT_CONVERSION = YES;
				GCC_WARN_ABOUT_RETURN_TYPE = YES_ERROR;
				GCC_WARN_UNDECLARED_SELECTOR = YES;
				GCC_WARN_UNINITIALIZED_AUTOS = YES_AGGRESSIVE;
				GCC_WARN_UNUSED_FUNCTION = YES;
				GCC_WARN_UNUSED_VARIABLE = YES;
				IPHONEOS_DEPLOYMENT_TARGET = 15.4;
				MTL_ENABLE_DEBUG_INFO = INCLUDE_SOURCE;
				MTL_FAST_MATH = YES;
				ONLY_ACTIVE_ARCH = YES;
				SDKROOT = iphoneos;
				SWIFT_ACTIVE_COMPILATION_CONDITIONS = DEBUG;
				SWIFT_OPTIMIZATION_LEVEL = "-Onone";
			};
			name = Debug;
		};
		FAB8B6D927FDB0110071B04F /* Release */ = {
			isa = XCBuildConfiguration;
			buildSettings = {
				ALWAYS_SEARCH_USER_PATHS = NO;
				CLANG_ANALYZER_NONNULL = YES;
				CLANG_ANALYZER_NUMBER_OBJECT_CONVERSION = YES_AGGRESSIVE;
				CLANG_CXX_LANGUAGE_STANDARD = "gnu++17";
				CLANG_ENABLE_MODULES = YES;
				CLANG_ENABLE_OBJC_ARC = YES;
				CLANG_ENABLE_OBJC_WEAK = YES;
				CLANG_WARN_BLOCK_CAPTURE_AUTORELEASING = YES;
				CLANG_WARN_BOOL_CONVERSION = YES;
				CLANG_WARN_COMMA = YES;
				CLANG_WARN_CONSTANT_CONVERSION = YES;
				CLANG_WARN_DEPRECATED_OBJC_IMPLEMENTATIONS = YES;
				CLANG_WARN_DIRECT_OBJC_ISA_USAGE = YES_ERROR;
				CLANG_WARN_DOCUMENTATION_COMMENTS = YES;
				CLANG_WARN_EMPTY_BODY = YES;
				CLANG_WARN_ENUM_CONVERSION = YES;
				CLANG_WARN_INFINITE_RECURSION = YES;
				CLANG_WARN_INT_CONVERSION = YES;
				CLANG_WARN_NON_LITERAL_NULL_CONVERSION = YES;
				CLANG_WARN_OBJC_IMPLICIT_RETAIN_SELF = YES;
				CLANG_WARN_OBJC_LITERAL_CONVERSION = YES;
				CLANG_WARN_OBJC_ROOT_CLASS = YES_ERROR;
				CLANG_WARN_QUOTED_INCLUDE_IN_FRAMEWORK_HEADER = YES;
				CLANG_WARN_RANGE_LOOP_ANALYSIS = YES;
				CLANG_WARN_STRICT_PROTOTYPES = YES;
				CLANG_WARN_SUSPICIOUS_MOVE = YES;
				CLANG_WARN_UNGUARDED_AVAILABILITY = YES_AGGRESSIVE;
				CLANG_WARN_UNREACHABLE_CODE = YES;
				CLANG_WARN__DUPLICATE_METHOD_MATCH = YES;
				COPY_PHASE_STRIP = NO;
				DEBUG_INFORMATION_FORMAT = "dwarf-with-dsym";
				ENABLE_NS_ASSERTIONS = NO;
				ENABLE_STRICT_OBJC_MSGSEND = YES;
				GCC_C_LANGUAGE_STANDARD = gnu11;
				GCC_NO_COMMON_BLOCKS = YES;
				GCC_WARN_64_TO_32_BIT_CONVERSION = YES;
				GCC_WARN_ABOUT_RETURN_TYPE = YES_ERROR;
				GCC_WARN_UNDECLARED_SELECTOR = YES;
				GCC_WARN_UNINITIALIZED_AUTOS = YES_AGGRESSIVE;
				GCC_WARN_UNUSED_FUNCTION = YES;
				GCC_WARN_UNUSED_VARIABLE = YES;
				IPHONEOS_DEPLOYMENT_TARGET = 15.4;
				MTL_ENABLE_DEBUG_INFO = NO;
				MTL_FAST_MATH = YES;
				SDKROOT = iphoneos;
				SWIFT_COMPILATION_MODE = wholemodule;
				SWIFT_OPTIMIZATION_LEVEL = "-O";
				VALIDATE_PRODUCT = YES;
			};
			name = Release;
		};
		FAB8B6DB27FDB0110071B04F /* Debug */ = {
			isa = XCBuildConfiguration;
			buildSettings = {
				ASSETCATALOG_COMPILER_APPICON_NAME = AppIcon;
				ASSETCATALOG_COMPILER_GLOBAL_ACCENT_COLOR_NAME = AccentColor;
				CODE_SIGN_STYLE = Automatic;
				CURRENT_PROJECT_VERSION = 1;
				DEVELOPMENT_TEAM = 955DP87LHM;
				FRAMEWORK_SEARCH_PATHS = (
					"$(inherited)",
					"$(PROJECT_DIR)/Carthage/Build/iOS",
				);
				GENERATE_INFOPLIST_FILE = YES;
				INFOPLIST_FILE = TestTask2/Info.plist;
				INFOPLIST_KEY_UIApplicationSupportsIndirectInputEvents = YES;
				INFOPLIST_KEY_UILaunchStoryboardName = LaunchScreen;
				INFOPLIST_KEY_UISupportedInterfaceOrientations_iPad = "UIInterfaceOrientationPortrait UIInterfaceOrientationPortraitUpsideDown UIInterfaceOrientationLandscapeLeft UIInterfaceOrientationLandscapeRight";
				INFOPLIST_KEY_UISupportedInterfaceOrientations_iPhone = "UIInterfaceOrientationPortrait UIInterfaceOrientationLandscapeLeft UIInterfaceOrientationLandscapeRight";
				IPHONEOS_DEPLOYMENT_TARGET = 13.0;
				LD_RUNPATH_SEARCH_PATHS = (
					"$(inherited)",
					"@executable_path/Frameworks",
				);
				MARKETING_VERSION = 1.0;
				PRODUCT_BUNDLE_IDENTIFIER = none.TestTask2;
				PRODUCT_NAME = "$(TARGET_NAME)";
				SWIFT_EMIT_LOC_STRINGS = YES;
				SWIFT_VERSION = 5.0;
				TARGETED_DEVICE_FAMILY = 1;
				VALIDATE_WORKSPACE = YES;
			};
			name = Debug;
		};
		FAB8B6DC27FDB0110071B04F /* Release */ = {
			isa = XCBuildConfiguration;
			buildSettings = {
				ASSETCATALOG_COMPILER_APPICON_NAME = AppIcon;
				ASSETCATALOG_COMPILER_GLOBAL_ACCENT_COLOR_NAME = AccentColor;
				CODE_SIGN_STYLE = Automatic;
				CURRENT_PROJECT_VERSION = 1;
				DEVELOPMENT_TEAM = 955DP87LHM;
				FRAMEWORK_SEARCH_PATHS = (
					"$(inherited)",
					"$(PROJECT_DIR)/Carthage/Build/iOS",
				);
				GENERATE_INFOPLIST_FILE = YES;
				INFOPLIST_FILE = TestTask2/Info.plist;
				INFOPLIST_KEY_UIApplicationSupportsIndirectInputEvents = YES;
				INFOPLIST_KEY_UILaunchStoryboardName = LaunchScreen;
				INFOPLIST_KEY_UISupportedInterfaceOrientations_iPad = "UIInterfaceOrientationPortrait UIInterfaceOrientationPortraitUpsideDown UIInterfaceOrientationLandscapeLeft UIInterfaceOrientationLandscapeRight";
				INFOPLIST_KEY_UISupportedInterfaceOrientations_iPhone = "UIInterfaceOrientationPortrait UIInterfaceOrientationLandscapeLeft UIInterfaceOrientationLandscapeRight";
				IPHONEOS_DEPLOYMENT_TARGET = 13.0;
				LD_RUNPATH_SEARCH_PATHS = (
					"$(inherited)",
					"@executable_path/Frameworks",
				);
				MARKETING_VERSION = 1.0;
				PRODUCT_BUNDLE_IDENTIFIER = none.TestTask2;
				PRODUCT_NAME = "$(TARGET_NAME)";
				SWIFT_EMIT_LOC_STRINGS = YES;
				SWIFT_VERSION = 5.0;
				TARGETED_DEVICE_FAMILY = 1;
				VALIDATE_WORKSPACE = YES;
			};
			name = Release;
		};
/* End XCBuildConfiguration section */

/* Begin XCConfigurationList section */
		FAB8B6C127FDB00F0071B04F /* Build configuration list for PBXProject "TestTask2" */ = {
			isa = XCConfigurationList;
			buildConfigurations = (
				FAB8B6D827FDB0110071B04F /* Debug */,
				FAB8B6D927FDB0110071B04F /* Release */,
			);
			defaultConfigurationIsVisible = 0;
			defaultConfigurationName = Release;
		};
		FAB8B6DA27FDB0110071B04F /* Build configuration list for PBXNativeTarget "TestTask2" */ = {
			isa = XCConfigurationList;
			buildConfigurations = (
				FAB8B6DB27FDB0110071B04F /* Debug */,
				FAB8B6DC27FDB0110071B04F /* Release */,
			);
			defaultConfigurationIsVisible = 0;
			defaultConfigurationName = Release;
		};
/* End XCConfigurationList section */
	};
	rootObject = FAB8B6BE27FDB00F0071B04F /* Project object */;
}
